// !$*UTF8*$!
{
	archiveVersion = 1;
	classes = {
	};
	objectVersion = 46;
	objects = {

/* Begin PBXBuildFile section */
		245273C61B99A597001063C1 /* AppDelegate.swift in Sources */ = {isa = PBXBuildFile; fileRef = 245273C51B99A597001063C1 /* AppDelegate.swift */; };
		245273C81B99A597001063C1 /* ViewController.swift in Sources */ = {isa = PBXBuildFile; fileRef = 245273C71B99A597001063C1 /* ViewController.swift */; };
		245273CB1B99A597001063C1 /* Main.storyboard in Resources */ = {isa = PBXBuildFile; fileRef = 245273C91B99A597001063C1 /* Main.storyboard */; };
		245273CD1B99A597001063C1 /* Images.xcassets in Resources */ = {isa = PBXBuildFile; fileRef = 245273CC1B99A597001063C1 /* Images.xcassets */; };
		245273D01B99A597001063C1 /* LaunchScreen.xib in Resources */ = {isa = PBXBuildFile; fileRef = 245273CE1B99A597001063C1 /* LaunchScreen.xib */; };
		245273DC1B99A597001063C1 /* _904Tests.swift in Sources */ = {isa = PBXBuildFile; fileRef = 245273DB1B99A597001063C1 /* _904Tests.swift */; };
/* End PBXBuildFile section */

/* Begin PBXContainerItemProxy section */
		245273D61B99A597001063C1 /* PBXContainerItemProxy */ = {
			isa = PBXContainerItemProxy;
			containerPortal = 245273B81B99A597001063C1 /* Project object */;
			proxyType = 1;
			remoteGlobalIDString = 245273BF1B99A597001063C1;
			remoteInfo = 0904;
		};
/* End PBXContainerItemProxy section */

/* Begin PBXFileReference section */
		245273C01B99A597001063C1 /* 0904.app */ = {isa = PBXFileReference; explicitFileType = wrapper.application; includeInIndex = 0; path = 0904.app; sourceTree = BUILT_PRODUCTS_DIR; };
		245273C41B99A597001063C1 /* Info.plist */ = {isa = PBXFileReference; lastKnownFileType = text.plist.xml; path = Info.plist; sourceTree = "<group>"; };
		245273C51B99A597001063C1 /* AppDelegate.swift */ = {isa = PBXFileReference; lastKnownFileType = sourcecode.swift; path = AppDelegate.swift; sourceTree = "<group>"; };
		245273C71B99A597001063C1 /* ViewController.swift */ = {isa = PBXFileReference; lastKnownFileType = sourcecode.swift; path = ViewController.swift; sourceTree = "<group>"; };
		245273CA1B99A597001063C1 /* Base */ = {isa = PBXFileReference; lastKnownFileType = file.storyboard; name = Base; path = Base.lproj/Main.storyboard; sourceTree = "<group>"; };
		245273CC1B99A597001063C1 /* Images.xcassets */ = {isa = PBXFileReference; lastKnownFileType = folder.assetcatalog; path = Images.xcassets; sourceTree = "<group>"; };
		245273CF1B99A597001063C1 /* Base */ = {isa = PBXFileReference; lastKnownFileType = file.xib; name = Base; path = Base.lproj/LaunchScreen.xib; sourceTree = "<group>"; };
		245273D51B99A597001063C1 /* 0904Tests.xctest */ = {isa = PBXFileReference; explicitFileType = wrapper.cfbundle; includeInIndex = 0; path = 0904Tests.xctest; sourceTree = BUILT_PRODUCTS_DIR; };
		245273DA1B99A597001063C1 /* Info.plist */ = {isa = PBXFileReference; lastKnownFileType = text.plist.xml; path = Info.plist; sourceTree = "<group>"; };
		245273DB1B99A597001063C1 /* _904Tests.swift */ = {isa = PBXFileReference; lastKnownFileType = sourcecode.swift; path = _904Tests.swift; sourceTree = "<group>"; };
/* End PBXFileReference section */

/* Begin PBXFrameworksBuildPhase section */
		245273BD1B99A597001063C1 /* Frameworks */ = {
			isa = PBXFrameworksBuildPhase;
			buildActionMask = 2147483647;
			files = (
			);
			runOnlyForDeploymentPostprocessing = 0;
		};
		245273D21B99A597001063C1 /* Frameworks */ = {
			isa = PBXFrameworksBuildPhase;
			buildActionMask = 2147483647;
			files = (
			);
			runOnlyForDeploymentPostprocessing = 0;
		};
/* End PBXFrameworksBuildPhase section */

/* Begin PBXGroup section */
		245273B71B99A597001063C1 = {
			isa = PBXGroup;
			children = (
				245273C21B99A597001063C1 /* 0904 */,
				245273D81B99A597001063C1 /* 0904Tests */,
				245273C11B99A597001063C1 /* Products */,
			);
			sourceTree = "<group>";
		};
		245273C11B99A597001063C1 /* Products */ = {
			isa = PBXGroup;
			children = (
				245273C01B99A597001063C1 /* 0904.app */,
				245273D51B99A597001063C1 /* 0904Tests.xctest */,
			);
			name = Products;
			sourceTree = "<group>";
		};
		245273C21B99A597001063C1 /* 0904 */ = {
			isa = PBXGroup;
			children = (
				245273C51B99A597001063C1 /* AppDelegate.swift */,
				245273C71B99A597001063C1 /* ViewController.swift */,
				245273C91B99A597001063C1 /* Main.storyboard */,
				245273CC1B99A597001063C1 /* Images.xcassets */,
				245273CE1B99A597001063C1 /* LaunchScreen.xib */,
				245273C31B99A597001063C1 /* Supporting Files */,
			);
			path = 0904;
			sourceTree = "<group>";
		};
		245273C31B99A597001063C1 /* Supporting Files */ = {
			isa = PBXGroup;
			children = (
				245273C41B99A597001063C1 /* Info.plist */,
			);
			name = "Supporting Files";
			sourceTree = "<group>";
		};
		245273D81B99A597001063C1 /* 0904Tests */ = {
			isa = PBXGroup;
			children = (
				245273DB1B99A597001063C1 /* _904Tests.swift */,
				245273D91B99A597001063C1 /* Supporting Files */,
			);
			path = 0904Tests;
			sourceTree = "<group>";
		};
		245273D91B99A597001063C1 /* Supporting Files */ = {
			isa = PBXGroup;
			children = (
				245273DA1B99A597001063C1 /* Info.plist */,
			);
			name = "Supporting Files";
			sourceTree = "<group>";
		};
/* End PBXGroup section */

/* Begin PBXNativeTarget section */
		245273BF1B99A597001063C1 /* 0904 */ = {
			isa = PBXNativeTarget;
			buildConfigurationList = 245273DF1B99A597001063C1 /* Build configuration list for PBXNativeTarget "0904" */;
			buildPhases = (
				245273BC1B99A597001063C1 /* Sources */,
				245273BD1B99A597001063C1 /* Frameworks */,
				245273BE1B99A597001063C1 /* Resources */,
			);
			buildRules = (
			);
			dependencies = (
			);
			name = 0904;
			productName = 0904;
			productReference = 245273C01B99A597001063C1 /* 0904.app */;
			productType = "com.apple.product-type.application";
		};
		245273D41B99A597001063C1 /* 0904Tests */ = {
			isa = PBXNativeTarget;
			buildConfigurationList = 245273E21B99A597001063C1 /* Build configuration list for PBXNativeTarget "0904Tests" */;
			buildPhases = (
				245273D11B99A597001063C1 /* Sources */,
				245273D21B99A597001063C1 /* Frameworks */,
				245273D31B99A597001063C1 /* Resources */,
			);
			buildRules = (
			);
			dependencies = (
				245273D71B99A597001063C1 /* PBXTargetDependency */,
			);
			name = 0904Tests;
			productName = 0904Tests;
			productReference = 245273D51B99A597001063C1 /* 0904Tests.xctest */;
			productType = "com.apple.product-type.bundle.unit-test";
		};
/* End PBXNativeTarget section */

/* Begin PBXProject section */
		245273B81B99A597001063C1 /* Project object */ = {
			isa = PBXProject;
			attributes = {
				LastSwiftUpdateCheck = 0710;
				LastUpgradeCheck = 0600;
				ORGANIZATIONNAME = "天毛 瞬";
				TargetAttributes = {
					245273BF1B99A597001063C1 = {
						CreatedOnToolsVersion = 6.0.1;
					};
					245273D41B99A597001063C1 = {
						CreatedOnToolsVersion = 6.0.1;
						TestTargetID = 245273BF1B99A597001063C1;
					};
				};
			};
			buildConfigurationList = 245273BB1B99A597001063C1 /* Build configuration list for PBXProject "0904" */;
			compatibilityVersion = "Xcode 3.2";
			developmentRegion = English;
			hasScannedForEncodings = 0;
			knownRegions = (
				en,
				Base,
			);
			mainGroup = 245273B71B99A597001063C1;
			productRefGroup = 245273C11B99A597001063C1 /* Products */;
			projectDirPath = "";
			projectRoot = "";
			targets = (
				245273BF1B99A597001063C1 /* 0904 */,
				245273D41B99A597001063C1 /* 0904Tests */,
			);
		};
/* End PBXProject section */

/* Begin PBXResourcesBuildPhase section */
		245273BE1B99A597001063C1 /* Resources */ = {
			isa = PBXResourcesBuildPhase;
			buildActionMask = 2147483647;
			files = (
				245273CB1B99A597001063C1 /* Main.storyboard in Resources */,
				245273D01B99A597001063C1 /* LaunchScreen.xib in Resources */,
				245273CD1B99A597001063C1 /* Images.xcassets in Resources */,
			);
			runOnlyForDeploymentPostprocessing = 0;
		};
		245273D31B99A597001063C1 /* Resources */ = {
			isa = PBXResourcesBuildPhase;
			buildActionMask = 2147483647;
			files = (
			);
			runOnlyForDeploymentPostprocessing = 0;
		};
/* End PBXResourcesBuildPhase section */

/* Begin PBXSourcesBuildPhase section */
		245273BC1B99A597001063C1 /* Sources */ = {
			isa = PBXSourcesBuildPhase;
			buildActionMask = 2147483647;
			files = (
				245273C81B99A597001063C1 /* ViewController.swift in Sources */,
				245273C61B99A597001063C1 /* AppDelegate.swift in Sources */,
			);
			runOnlyForDeploymentPostprocessing = 0;
		};
		245273D11B99A597001063C1 /* Sources */ = {
			isa = PBXSourcesBuildPhase;
			buildActionMask = 2147483647;
			files = (
				245273DC1B99A597001063C1 /* _904Tests.swift in Sources */,
			);
			runOnlyForDeploymentPostprocessing = 0;
		};
/* End PBXSourcesBuildPhase section */

/* Begin PBXTargetDependency section */
		245273D71B99A597001063C1 /* PBXTargetDependency */ = {
			isa = PBXTargetDependency;
			target = 245273BF1B99A597001063C1 /* 0904 */;
			targetProxy = 245273D61B99A597001063C1 /* PBXContainerItemProxy */;
		};
/* End PBXTargetDependency section */

/* Begin PBXVariantGroup section */
		245273C91B99A597001063C1 /* Main.storyboard */ = {
			isa = PBXVariantGroup;
			children = (
				245273CA1B99A597001063C1 /* Base */,
			);
			name = Main.storyboard;
			sourceTree = "<group>";
		};
		245273CE1B99A597001063C1 /* LaunchScreen.xib */ = {
			isa = PBXVariantGroup;
			children = (
				245273CF1B99A597001063C1 /* Base */,
			);
			name = LaunchScreen.xib;
			sourceTree = "<group>";
		};
/* End PBXVariantGroup section */

/* Begin XCBuildConfiguration section */
		245273DD1B99A597001063C1 /* Debug */ = {
			isa = XCBuildConfiguration;
			buildSettings = {
				ALWAYS_SEARCH_USER_PATHS = NO;
				CLANG_CXX_LANGUAGE_STANDARD = "gnu++0x";
				CLANG_CXX_LIBRARY = "libc++";
				CLANG_ENABLE_MODULES = YES;
				CLANG_ENABLE_OBJC_ARC = YES;
				CLANG_WARN_BOOL_CONVERSION = YES;
				CLANG_WARN_CONSTANT_CONVERSION = YES;
				CLANG_WARN_DIRECT_OBJC_ISA_USAGE = YES_ERROR;
				CLANG_WARN_EMPTY_BODY = YES;
				CLANG_WARN_ENUM_CONVERSION = YES;
				CLANG_WARN_INT_CONVERSION = YES;
				CLANG_WARN_OBJC_ROOT_CLASS = YES_ERROR;
				CLANG_WARN_UNREACHABLE_CODE = YES;
				CLANG_WARN__DUPLICATE_METHOD_MATCH = YES;
				"CODE_SIGN_IDENTITY[sdk=iphoneos*]" = "iPhone Developer";
				COPY_PHASE_STRIP = NO;
				ENABLE_STRICT_OBJC_MSGSEND = YES;
				GCC_C_LANGUAGE_STANDARD = gnu99;
				GCC_DYNAMIC_NO_PIC = NO;
				GCC_OPTIMIZATION_LEVEL = 0;
				GCC_PREPROCESSOR_DEFINITIONS = (
					"DEBUG=1",
					"$(inherited)",
				);
				GCC_SYMBOLS_PRIVATE_EXTERN = NO;
				GCC_WARN_64_TO_32_BIT_CONVERSION = YES;
				GCC_WARN_ABOUT_RETURN_TYPE = YES_ERROR;
				GCC_WARN_UNDECLARED_SELECTOR = YES;
				GCC_WARN_UNINITIALIZED_AUTOS = YES_AGGRESSIVE;
				GCC_WARN_UNUSED_FUNCTION = YES;
				GCC_WARN_UNUSED_VARIABLE = YES;
				IPHONEOS_DEPLOYMENT_TARGET = 8.0;
				MTL_ENABLE_DEBUG_INFO = YES;
				ONLY_ACTIVE_ARCH = YES;
				SDKROOT = iphoneos;
				SWIFT_OPTIMIZATION_LEVEL = "-Onone";
			};
			name = Debug;
		};
		245273DE1B99A597001063C1 /* Release */ = {
			isa = XCBuildConfiguration;
			buildSettings = {
				ALWAYS_SEARCH_USER_PATHS = NO;
				CLANG_CXX_LANGUAGE_STANDARD = "gnu++0x";
				CLANG_CXX_LIBRARY = "libc++";
				CLANG_ENABLE_MODULES = YES;
				CLANG_ENABLE_OBJC_ARC = YES;
				CLANG_WARN_BOOL_CONVERSION = YES;
				CLANG_WARN_CONSTANT_CONVERSION = YES;
				CLANG_WARN_DIRECT_OBJC_ISA_USAGE = YES_ERROR;
				CLANG_WARN_EMPTY_BODY = YES;
				CLANG_WARN_ENUM_CONVERSION = YES;
				CLANG_WARN_INT_CONVERSION = YES;
				CLANG_WARN_OBJC_ROOT_CLASS = YES_ERROR;
				CLANG_WARN_UNREACHABLE_CODE = YES;
				CLANG_WARN__DUPLICATE_METHOD_MATCH = YES;
				"CODE_SIGN_IDENTITY[sdk=iphoneos*]" = "iPhone Developer";
				COPY_PHASE_STRIP = YES;
				ENABLE_NS_ASSERTIONS = NO;
				ENABLE_STRICT_OBJC_MSGSEND = YES;
				GCC_C_LANGUAGE_STANDARD = gnu99;
				GCC_WARN_64_TO_32_BIT_CONVERSION = YES;
				GCC_WARN_ABOUT_RETURN_TYPE = YES_ERROR;
				GCC_WARN_UNDECLARED_SELECTOR = YES;
				GCC_WARN_UNINITIALIZED_AUTOS = YES_AGGRESSIVE;
				GCC_WARN_UNUSED_FUNCTION = YES;
				GCC_WARN_UNUSED_VARIABLE = YES;
				IPHONEOS_DEPLOYMENT_TARGET = 8.0;
				MTL_ENABLE_DEBUG_INFO = NO;
				SDKROOT = iphoneos;
				VALIDATE_PRODUCT = YES;
			};
			name = Release;
		};
		245273E01B99A597001063C1 /* Debug */ = {
			isa = XCBuildConfiguration;
			buildSettings = {
				ASSETCATALOG_COMPILER_APPICON_NAME = AppIcon;
				INFOPLIST_FILE = 0904/Info.plist;
				LD_RUNPATH_SEARCH_PATHS = "$(inherited) @executable_path/Frameworks";
				PRODUCT_NAME = "$(TARGET_NAME)";
			};
			name = Debug;
		};
		245273E11B99A597001063C1 /* Release */ = {
			isa = XCBuildConfiguration;
			buildSettings = {
				ASSETCATALOG_COMPILER_APPICON_NAME = AppIcon;
				INFOPLIST_FILE = 0904/Info.plist;
				LD_RUNPATH_SEARCH_PATHS = "$(inherited) @executable_path/Frameworks";
				PRODUCT_NAME = "$(TARGET_NAME)";
			};
			name = Release;
		};
		245273E31B99A597001063C1 /* Debug */ = {
			isa = XCBuildConfiguration;
			buildSettings = {
				BUNDLE_LOADER = "$(TEST_HOST)";
				FRAMEWORK_SEARCH_PATHS = (
					"$(SDKROOT)/Developer/Library/Frameworks",
					"$(inherited)",
				);
				GCC_PREPROCESSOR_DEFINITIONS = (
					"DEBUG=1",
					"$(inherited)",
				);
				INFOPLIST_FILE = 0904Tests/Info.plist;
				LD_RUNPATH_SEARCH_PATHS = "$(inherited) @executable_path/Frameworks @loader_path/Frameworks";
				PRODUCT_NAME = "$(TARGET_NAME)";
				TEST_HOST = "$(BUILT_PRODUCTS_DIR)/0904.app/0904";
			};
			name = Debug;
		};
		245273E41B99A597001063C1 /* Release */ = {
			isa = XCBuildConfiguration;
			buildSettings = {
				BUNDLE_LOADER = "$(TEST_HOST)";
				FRAMEWORK_SEARCH_PATHS = (
					"$(SDKROOT)/Developer/Library/Frameworks",
					"$(inherited)",
				);
				INFOPLIST_FILE = 0904Tests/Info.plist;
				LD_RUNPATH_SEARCH_PATHS = "$(inherited) @executable_path/Frameworks @loader_path/Frameworks";
				PRODUCT_NAME = "$(TARGET_NAME)";
				TEST_HOST = "$(BUILT_PRODUCTS_DIR)/0904.app/0904";
			};
			name = Release;
		};
/* End XCBuildConfiguration section */

/* Begin XCConfigurationList section */
		245273BB1B99A597001063C1 /* Build configuration list for PBXProject "0904" */ = {
			isa = XCConfigurationList;
			buildConfigurations = (
				245273DD1B99A597001063C1 /* Debug */,
				245273DE1B99A597001063C1 /* Release */,
			);
			defaultConfigurationIsVisible = 0;
			defaultConfigurationName = Release;
		};
		245273DF1B99A597001063C1 /* Build configuration list for PBXNativeTarget "0904" */ = {
			isa = XCConfigurationList;
			buildConfigurations = (
				245273E01B99A597001063C1 /* Debug */,
				245273E11B99A597001063C1 /* Release */,
			);
			defaultConfigurationIsVisible = 0;
			defaultConfigurationName = Release;
		};
		245273E21B99A597001063C1 /* Build configuration list for PBXNativeTarget "0904Tests" */ = {
			isa = XCConfigurationList;
			buildConfigurations = (
				245273E31B99A597001063C1 /* Debug */,
				245273E41B99A597001063C1 /* Release */,
			);
			defaultConfigurationIsVisible = 0;
			defaultConfigurationName = Release;
		};
/* End XCConfigurationList section */
	};
	rootObject = 245273B81B99A597001063C1 /* Project object */;
}
